
Microsoft Visual Studio Solution File, Format Version 12.00
# Visual Studio Version 17
VisualStudioVersion = 17.11.35208.52
MinimumVisualStudioVersion = 10.0.40219.1
Project("{FAE04EC0-301F-11D3-BF4B-00C04F79EFBC}") = "Image Text Extraction - ASP.NET Core MVC - Eng Mage-Ali", "Image Text Extraction - ASP.NET Core MVC - Eng Mage-Ali\Image Text Extraction - ASP.NET Core MVC - Eng Mage-Ali.csproj", "{14B90D49-AA67-451E-A357-020BCAAE68DC}"
EndProject
Global
	GlobalSection(SolutionConfigurationPlatforms) = preSolution
		Debug|Any CPU = Debug|Any CPU
		Release|Any CPU = Release|Any CPU
	EndGlobalSection
	GlobalSection(ProjectConfigurationPlatforms) = postSolution
		{14B90D49-AA67-451E-A357-020BCAAE68DC}.Debug|Any CPU.ActiveCfg = Debug|Any CPU
		{14B90D49-AA67-451E-A357-020BCAAE68DC}.Debug|Any CPU.Build.0 = Debug|Any CPU
		{14B90D49-AA67-451E-A357-020BCAAE68DC}.Release|Any CPU.ActiveCfg = Release|Any CPU
		{14B90D49-AA67-451E-A357-020BCAAE68DC}.Release|Any CPU.Build.0 = Release|Any CPU
	EndGlobalSection
	GlobalSection(SolutionProperties) = preSolution
		HideSolutionNode = FALSE
	EndGlobalSection
	GlobalSection(ExtensibilityGlobals) = postSolution
		SolutionGuid = {9DFC5474-0F74-469B-94FA-81AEAC6BC9D7}
	EndGlobalSection
EndGlobal
